
Microsoft Visual Studio Solution File, Format Version 12.00
# Visual Studio 15
VisualStudioVersion = 15.0.27703.2035
MinimumVisualStudioVersion = 10.0.40219.1
Project("{FAE04EC0-301F-11D3-BF4B-00C04F79EFBC}") = "AdvancedLogger", "AdvancedLogger\AdvancedLogger.csproj", "{79940206-3A73-4AD7-8B88-95D52FB7B284}"
EndProject
Global
	GlobalSection(SolutionConfigurationPlatforms) = preSolution
		Debug|Any CPU = Debug|Any CPU
		Release|Any CPU = Release|Any CPU
	EndGlobalSection
	GlobalSection(ProjectConfigurationPlatforms) = postSolution
		{79940206-3A73-4AD7-8B88-95D52FB7B284}.Debug|Any CPU.ActiveCfg = Debug|Any CPU
		{79940206-3A73-4AD7-8B88-95D52FB7B284}.Debug|Any CPU.Build.0 = Debug|Any CPU
		{79940206-3A73-4AD7-8B88-95D52FB7B284}.Release|Any CPU.ActiveCfg = Release|Any CPU
		{79940206-3A73-4AD7-8B88-95D52FB7B284}.Release|Any CPU.Build.0 = Release|Any CPU
	EndGlobalSection
	GlobalSection(SolutionProperties) = preSolution
		HideSolutionNode = FALSE
	EndGlobalSection
	GlobalSection(ExtensibilityGlobals) = postSolution
		SolutionGuid = {F0CE5A75-5AFB-49F0-8811-2AEDEE80F345}
		EnterpriseLibraryConfigurationToolBinariesPath = packages\Unity.2.1.505.2\lib\NET35
	EndGlobalSection
EndGlobal
